
Microsoft Visual Studio Solution File, Format Version 12.00
# Visual Studio Version 17
VisualStudioVersion = 17.11.35327.3
MinimumVisualStudioVersion = 10.0.40219.1
Project("{FAE04EC0-301F-11D3-BF4B-00C04F79EFBC}") = "EX011", "EX011.csproj", "{65F04400-69CE-42C6-AE71-B35279A1F792}"
EndProject
Global
	GlobalSection(SolutionConfigurationPlatforms) = preSolution
		Debug|Any CPU = Debug|Any CPU
		Release|Any CPU = Release|Any CPU
	EndGlobalSection
	GlobalSection(ProjectConfigurationPlatforms) = postSolution
		{65F04400-69CE-42C6-AE71-B35279A1F792}.Debug|Any CPU.ActiveCfg = Debug|Any CPU
		{65F04400-69CE-42C6-AE71-B35279A1F792}.Debug|Any CPU.Build.0 = Debug|Any CPU
		{65F04400-69CE-42C6-AE71-B35279A1F792}.Release|Any CPU.ActiveCfg = Release|Any CPU
		{65F04400-69CE-42C6-AE71-B35279A1F792}.Release|Any CPU.Build.0 = Release|Any CPU
	EndGlobalSection
	GlobalSection(SolutionProperties) = preSolution
		HideSolutionNode = FALSE
	EndGlobalSection
	GlobalSection(ExtensibilityGlobals) = postSolution
		SolutionGuid = {51DFF6CF-B7C3-46BD-B281-8E14C3192CFA}
	EndGlobalSection
EndGlobal
