
Microsoft Visual Studio Solution File, Format Version 12.00
# Visual Studio Version 17
VisualStudioVersion = 17.11.35327.3
MinimumVisualStudioVersion = 10.0.40219.1
Project("{FAE04EC0-301F-11D3-BF4B-00C04F79EFBC}") = "Impressao", "Impressao.csproj", "{5E9955C1-0101-47D2-BB37-B39E9C491FBB}"
EndProject
Global
	GlobalSection(SolutionConfigurationPlatforms) = preSolution
		Debug|Any CPU = Debug|Any CPU
		Release|Any CPU = Release|Any CPU
	EndGlobalSection
	GlobalSection(ProjectConfigurationPlatforms) = postSolution
		{5E9955C1-0101-47D2-BB37-B39E9C491FBB}.Debug|Any CPU.ActiveCfg = Debug|Any CPU
		{5E9955C1-0101-47D2-BB37-B39E9C491FBB}.Debug|Any CPU.Build.0 = Debug|Any CPU
		{5E9955C1-0101-47D2-BB37-B39E9C491FBB}.Release|Any CPU.ActiveCfg = Release|Any CPU
		{5E9955C1-0101-47D2-BB37-B39E9C491FBB}.Release|Any CPU.Build.0 = Release|Any CPU
	EndGlobalSection
	GlobalSection(SolutionProperties) = preSolution
		HideSolutionNode = FALSE
	EndGlobalSection
	GlobalSection(ExtensibilityGlobals) = postSolution
		SolutionGuid = {C7C72C3F-E27F-4599-89A0-1D5DA6AFD7B5}
	EndGlobalSection
EndGlobal
