
Microsoft Visual Studio Solution File, Format Version 12.00
# Visual Studio Version 17
VisualStudioVersion = 17.11.35327.3
MinimumVisualStudioVersion = 10.0.40219.1
Project("{FAE04EC0-301F-11D3-BF4B-00C04F79EFBC}") = "Ex003", "Ex003.csproj", "{99B26E91-F142-4E66-B346-0A90B138C3CF}"
EndProject
Global
	GlobalSection(SolutionConfigurationPlatforms) = preSolution
		Debug|Any CPU = Debug|Any CPU
		Release|Any CPU = Release|Any CPU
	EndGlobalSection
	GlobalSection(ProjectConfigurationPlatforms) = postSolution
		{99B26E91-F142-4E66-B346-0A90B138C3CF}.Debug|Any CPU.ActiveCfg = Debug|Any CPU
		{99B26E91-F142-4E66-B346-0A90B138C3CF}.Debug|Any CPU.Build.0 = Debug|Any CPU
		{99B26E91-F142-4E66-B346-0A90B138C3CF}.Release|Any CPU.ActiveCfg = Release|Any CPU
		{99B26E91-F142-4E66-B346-0A90B138C3CF}.Release|Any CPU.Build.0 = Release|Any CPU
	EndGlobalSection
	GlobalSection(SolutionProperties) = preSolution
		HideSolutionNode = FALSE
	EndGlobalSection
	GlobalSection(ExtensibilityGlobals) = postSolution
		SolutionGuid = {77F884B7-8C04-47B7-9165-1155A35E145D}
	EndGlobalSection
EndGlobal
